
Microsoft Visual Studio Solution File, Format Version 12.00
# Visual Studio 15
VisualStudioVersion = 15.0.28307.102
MinimumVisualStudioVersion = 10.0.40219.1
Project("{2150E333-8FDC-42A3-9474-1A3956D46DE8}") = "Visualization", "Visualization", "{307595EB-E1A2-4D1B-88C0-9909D124A44C}"
EndProject
Project("{2150E333-8FDC-42A3-9474-1A3956D46DE8}") = "Utility", "Utility", "{48D949B8-5290-4111-A0F0-C67264CE91DC}"
EndProject
Project("{8BC9CEB8-8B4A-11D0-8D11-00A0C91BC942}") = "Framework", "Utility\Framework\Framework.vcxproj", "{0D100550-5E96-4CB4-8E2A-55E88146D5ED}"
EndProject
Project("{8BC9CEB8-8B4A-11D0-8D11-00A0C91BC942}") = "VolumeRendering", "Visualization\VolumeRendering\VolumeRendering.vcxproj", "{88BBBB61-60DC-4C1F-A65E-C52F71DB5485}"
EndProject
Project("{8BC9CEB8-8B4A-11D0-8D11-00A0C91BC942}") = "SparseLeap", "Visualization\SparseLeap\SparseLeap.vcxproj", "{EC6E22FD-6B97-4FB5-A10D-01DD5B3B1527}"
EndProject
Global
	GlobalSection(SolutionConfigurationPlatforms) = preSolution
		Debug|x64 = Debug|x64
		Debug|x86 = Debug|x86
		Release|x64 = Release|x64
		Release|x86 = Release|x86
	EndGlobalSection
	GlobalSection(ProjectConfigurationPlatforms) = postSolution
		{0D100550-5E96-4CB4-8E2A-55E88146D5ED}.Debug|x64.ActiveCfg = Debug|x64
		{0D100550-5E96-4CB4-8E2A-55E88146D5ED}.Debug|x64.Build.0 = Debug|x64
		{0D100550-5E96-4CB4-8E2A-55E88146D5ED}.Debug|x86.ActiveCfg = Debug|Win32
		{0D100550-5E96-4CB4-8E2A-55E88146D5ED}.Debug|x86.Build.0 = Debug|Win32
		{0D100550-5E96-4CB4-8E2A-55E88146D5ED}.Release|x64.ActiveCfg = Release|x64
		{0D100550-5E96-4CB4-8E2A-55E88146D5ED}.Release|x64.Build.0 = Release|x64
		{0D100550-5E96-4CB4-8E2A-55E88146D5ED}.Release|x86.ActiveCfg = Release|Win32
		{0D100550-5E96-4CB4-8E2A-55E88146D5ED}.Release|x86.Build.0 = Release|Win32
		{88BBBB61-60DC-4C1F-A65E-C52F71DB5485}.Debug|x64.ActiveCfg = Debug|x64
		{88BBBB61-60DC-4C1F-A65E-C52F71DB5485}.Debug|x64.Build.0 = Debug|x64
		{88BBBB61-60DC-4C1F-A65E-C52F71DB5485}.Debug|x86.ActiveCfg = Debug|Win32
		{88BBBB61-60DC-4C1F-A65E-C52F71DB5485}.Debug|x86.Build.0 = Debug|Win32
		{88BBBB61-60DC-4C1F-A65E-C52F71DB5485}.Release|x64.ActiveCfg = Release|x64
		{88BBBB61-60DC-4C1F-A65E-C52F71DB5485}.Release|x64.Build.0 = Release|x64
		{88BBBB61-60DC-4C1F-A65E-C52F71DB5485}.Release|x86.ActiveCfg = Release|Win32
		{88BBBB61-60DC-4C1F-A65E-C52F71DB5485}.Release|x86.Build.0 = Release|Win32
		{EC6E22FD-6B97-4FB5-A10D-01DD5B3B1527}.Debug|x64.ActiveCfg = Debug|x64
		{EC6E22FD-6B97-4FB5-A10D-01DD5B3B1527}.Debug|x64.Build.0 = Debug|x64
		{EC6E22FD-6B97-4FB5-A10D-01DD5B3B1527}.Debug|x86.ActiveCfg = Debug|Win32
		{EC6E22FD-6B97-4FB5-A10D-01DD5B3B1527}.Debug|x86.Build.0 = Debug|Win32
		{EC6E22FD-6B97-4FB5-A10D-01DD5B3B1527}.Release|x64.ActiveCfg = Release|x64
		{EC6E22FD-6B97-4FB5-A10D-01DD5B3B1527}.Release|x64.Build.0 = Release|x64
		{EC6E22FD-6B97-4FB5-A10D-01DD5B3B1527}.Release|x86.ActiveCfg = Release|Win32
		{EC6E22FD-6B97-4FB5-A10D-01DD5B3B1527}.Release|x86.Build.0 = Release|Win32
	EndGlobalSection
	GlobalSection(SolutionProperties) = preSolution
		HideSolutionNode = FALSE
	EndGlobalSection
	GlobalSection(NestedProjects) = preSolution
		{0D100550-5E96-4CB4-8E2A-55E88146D5ED} = {48D949B8-5290-4111-A0F0-C67264CE91DC}
		{88BBBB61-60DC-4C1F-A65E-C52F71DB5485} = {307595EB-E1A2-4D1B-88C0-9909D124A44C}
		{EC6E22FD-6B97-4FB5-A10D-01DD5B3B1527} = {307595EB-E1A2-4D1B-88C0-9909D124A44C}
	EndGlobalSection
	GlobalSection(ExtensibilityGlobals) = postSolution
		SolutionGuid = {7F3DD971-154D-41F5-993C-61E407B14D74}
	EndGlobalSection
EndGlobal
