<?xml version="1.0" encoding="utf-8"?>
<Project ToolsVersion="4.0" xmlns="http://schemas.microsoft.com/developer/msbuild/2003">
  <ItemGroup>
    <Filter Include="Source Files">
      <UniqueIdentifier>{4FC737F1-C7A5-4376-A066-2A32D752A2FF}</UniqueIdentifier>
      <Extensions>cpp;c;cc;cxx;def;odl;idl;hpj;bat;asm;asmx</Extensions>
    </Filter>
    <Filter Include="Resource Files">
      <UniqueIdentifier>{67DA6AB6-F800-4c08-8B7A-83BB121AAD01}</UniqueIdentifier>
      <Extensions>rc;ico;cur;bmp;dlg;rc2;rct;bin;rgs;gif;jpg;jpeg;jpe;resx;tiff;tif;png;wav;mfcribbon-ms</Extensions>
    </Filter>
    <Filter Include="Header Files">
      <UniqueIdentifier>{b0e8ddb4-b297-4934-9538-7db7cd380123}</UniqueIdentifier>
    </Filter>
    <Filter Include="Header Files\Interface">
      <UniqueIdentifier>{091d5dfe-306e-47df-9f05-2d87d456a40e}</UniqueIdentifier>
    </Filter>
    <Filter Include="Header Files\Windows">
      <UniqueIdentifier>{0eada72c-b170-42c2-b820-036c7fb1075f}</UniqueIdentifier>
    </Filter>
    <Filter Include="Source Files\Windows">
      <UniqueIdentifier>{d6ad079d-f45a-4cd6-911f-5a2943df019e}</UniqueIdentifier>
    </Filter>
    <Filter Include="Header Files\Interface\Resource">
      <UniqueIdentifier>{8922f87a-0430-414d-88ab-5d84fdbde07f}</UniqueIdentifier>
    </Filter>
    <Filter Include="Header Files\Interface\Shader">
      <UniqueIdentifier>{8bbb95d6-250f-4685-bc57-2670e7274f27}</UniqueIdentifier>
    </Filter>
    <Filter Include="Header Files\Enum">
      <UniqueIdentifier>{d33de93c-d480-4272-b823-980c44377283}</UniqueIdentifier>
    </Filter>
    <Filter Include="Header Files\Object">
      <UniqueIdentifier>{dd869f68-7f5a-4b51-8129-4e9aea57beee}</UniqueIdentifier>
    </Filter>
    <Filter Include="Source Files\Object">
      <UniqueIdentifier>{50acf167-1325-4eef-85b8-493f6c735a6d}</UniqueIdentifier>
    </Filter>
  </ItemGroup>
  <ItemGroup>
    <ClInclude Include="Framework.hpp">
      <Filter>Header Files\Interface</Filter>
    </ClInclude>
    <ClInclude Include="Graphics.hpp">
      <Filter>Header Files\Interface</Filter>
    </ClInclude>
    <ClInclude Include="SwapChain.hpp">
      <Filter>Header Files\Interface</Filter>
    </ClInclude>
    <ClInclude Include="WindowsFramework.hpp">
      <Filter>Header Files\Windows</Filter>
    </ClInclude>
    <ClInclude Include="WindowsGraphics.hpp">
      <Filter>Header Files\Windows</Filter>
    </ClInclude>
    <ClInclude Include="Utility.hpp">
      <Filter>Header Files</Filter>
    </ClInclude>
    <ClInclude Include="WindowsSwapChain.hpp">
      <Filter>Header Files\Windows</Filter>
    </ClInclude>
    <ClInclude Include="WindowsVertexShader.hpp">
      <Filter>Header Files\Windows</Filter>
    </ClInclude>
    <ClInclude Include="WindowsPixelShader.hpp">
      <Filter>Header Files\Windows</Filter>
    </ClInclude>
    <ClInclude Include="InputLayout.hpp">
      <Filter>Header Files\Interface</Filter>
    </ClInclude>
    <ClInclude Include="WindowsInputLayout.hpp">
      <Filter>Header Files\Windows</Filter>
    </ClInclude>
    <ClInclude Include="Shader.hpp">
      <Filter>Header Files\Interface\Shader</Filter>
    </ClInclude>
    <ClInclude Include="Resource.hpp">
      <Filter>Header Files\Interface\Resource</Filter>
    </ClInclude>
    <ClInclude Include="VertexShader.hpp">
      <Filter>Header Files\Interface\Shader</Filter>
    </ClInclude>
    <ClInclude Include="PixelShader.hpp">
      <Filter>Header Files\Interface\Shader</Filter>
    </ClInclude>
    <ClInclude Include="ShaderResource.hpp">
      <Filter>Header Files\Interface\Resource</Filter>
    </ClInclude>
    <ClInclude Include="ShaderBuffer.hpp">
      <Filter>Header Files\Interface\Resource</Filter>
    </ClInclude>
    <ClInclude Include="ConstantBuffer.hpp">
      <Filter>Header Files\Interface\Resource</Filter>
    </ClInclude>
    <ClInclude Include="WindowsConstantBuffer.hpp">
      <Filter>Header Files\Windows</Filter>
    </ClInclude>
    <ClInclude Include="VertexBuffer.hpp">
      <Filter>Header Files\Interface\Resource</Filter>
    </ClInclude>
    <ClInclude Include="WindowsVertexBuffer.hpp">
      <Filter>Header Files\Windows</Filter>
    </ClInclude>
    <ClInclude Include="IndexBuffer.hpp">
      <Filter>Header Files\Interface\Resource</Filter>
    </ClInclude>
    <ClInclude Include="WindowsIndexBuffer.hpp">
      <Filter>Header Files\Windows</Filter>
    </ClInclude>
    <ClInclude Include="RenderTarget.hpp">
      <Filter>Header Files\Interface</Filter>
    </ClInclude>
    <ClInclude Include="PixelFormat.hpp">
      <Filter>Header Files\Enum</Filter>
    </ClInclude>
    <ClInclude Include="WindowsRenderTarget.hpp">
      <Filter>Header Files\Windows</Filter>
    </ClInclude>
    <ClInclude Include="Texture2D.hpp">
      <Filter>Header Files\Interface\Resource</Filter>
    </ClInclude>
    <ClInclude Include="WindowsTexture2D.hpp">
      <Filter>Header Files\Windows</Filter>
    </ClInclude>
    <ClInclude Include="PrimitiveType.hpp">
      <Filter>Header Files\Enum</Filter>
    </ClInclude>
    <ClInclude Include="Factory.hpp">
      <Filter>Header Files\Interface</Filter>
    </ClInclude>
    <ClInclude Include="WindowsFactory.hpp">
      <Filter>Header Files\Windows</Filter>
    </ClInclude>
    <ClInclude Include="RasterizerState.hpp">
      <Filter>Header Files\Interface</Filter>
    </ClInclude>
    <ClInclude Include="FillMode.hpp">
      <Filter>Header Files\Enum</Filter>
    </ClInclude>
    <ClInclude Include="CullMode.hpp">
      <Filter>Header Files\Enum</Filter>
    </ClInclude>
    <ClInclude Include="WindowsRasterizerState.hpp">
      <Filter>Header Files\Windows</Filter>
    </ClInclude>
    <ClInclude Include="Texture3D.hpp">
      <Filter>Header Files\Interface\Resource</Filter>
    </ClInclude>
    <ClInclude Include="WindowsTexture3D.hpp">
      <Filter>Header Files\Windows</Filter>
    </ClInclude>
    <ClInclude Include="DepthStencil.hpp">
      <Filter>Header Files\Interface</Filter>
    </ClInclude>
    <ClInclude Include="WindowsDepthStencil.hpp">
      <Filter>Header Files\Windows</Filter>
    </ClInclude>
    <ClInclude Include="DepthStencilState.hpp">
      <Filter>Header Files\Interface</Filter>
    </ClInclude>
    <ClInclude Include="ComparisonMode.hpp">
      <Filter>Header Files\Enum</Filter>
    </ClInclude>
    <ClInclude Include="WindowsDepthStencilState.hpp">
      <Filter>Header Files\Windows</Filter>
    </ClInclude>
    <ClInclude Include="BindUsage.hpp">
      <Filter>Header Files\Enum</Filter>
    </ClInclude>
    <ClInclude Include="ResourceUsage.hpp">
      <Filter>Header Files\Interface</Filter>
    </ClInclude>
    <ClInclude Include="WindowsResourceUsage.hpp">
      <Filter>Header Files\Windows</Filter>
    </ClInclude>
    <ClInclude Include="Camera.hpp">
      <Filter>Header Files\Object</Filter>
    </ClInclude>
    <ClInclude Include="UnorderedAccessUsage.hpp">
      <Filter>Header Files\Interface</Filter>
    </ClInclude>
    <ClInclude Include="WindowsUnorderedAccessUsage.hpp">
      <Filter>Header Files\Windows</Filter>
    </ClInclude>
  </ItemGroup>
  <ItemGroup>
    <ClCompile Include="WindowsVertexShader.cpp">
      <Filter>Source Files\Windows</Filter>
    </ClCompile>
    <ClCompile Include="WindowsFramework.cpp">
      <Filter>Source Files\Windows</Filter>
    </ClCompile>
    <ClCompile Include="WindowsGraphics.cpp">
      <Filter>Source Files\Windows</Filter>
    </ClCompile>
    <ClCompile Include="WindowsInputLayout.cpp">
      <Filter>Source Files\Windows</Filter>
    </ClCompile>
    <ClCompile Include="WindowsPixelShader.cpp">
      <Filter>Source Files\Windows</Filter>
    </ClCompile>
    <ClCompile Include="WindowsSwapChain.cpp">
      <Filter>Source Files\Windows</Filter>
    </ClCompile>
    <ClCompile Include="WindowsVertexBuffer.cpp">
      <Filter>Source Files\Windows</Filter>
    </ClCompile>
    <ClCompile Include="WindowsConstantBuffer.cpp">
      <Filter>Source Files\Windows</Filter>
    </ClCompile>
    <ClCompile Include="WindowsIndexBuffer.cpp">
      <Filter>Source Files\Windows</Filter>
    </ClCompile>
    <ClCompile Include="WindowsFactory.cpp">
      <Filter>Source Files\Windows</Filter>
    </ClCompile>
    <ClCompile Include="WindowsRenderTarget.cpp">
      <Filter>Source Files\Windows</Filter>
    </ClCompile>
    <ClCompile Include="WindowsTexture2D.cpp">
      <Filter>Source Files\Windows</Filter>
    </ClCompile>
    <ClCompile Include="WindowsRasterizerState.cpp">
      <Filter>Source Files\Windows</Filter>
    </ClCompile>
    <ClCompile Include="WindowsTexture3D.cpp">
      <Filter>Source Files\Windows</Filter>
    </ClCompile>
    <ClCompile Include="WindowsDepthStencil.cpp">
      <Filter>Source Files\Windows</Filter>
    </ClCompile>
    <ClCompile Include="WindowsDepthStencilState.cpp">
      <Filter>Source Files\Windows</Filter>
    </ClCompile>
    <ClCompile Include="WindowsResourceUsage.cpp">
      <Filter>Source Files\Windows</Filter>
    </ClCompile>
    <ClCompile Include="Camera.cpp">
      <Filter>Source Files\Object</Filter>
    </ClCompile>
    <ClCompile Include="WindowsUnorderedAccessUsage.cpp">
      <Filter>Source Files\Windows</Filter>
    </ClCompile>
  </ItemGroup>
</Project>