<?xml version="1.0" encoding="utf-8"?>
<Project ToolsVersion="4.0" xmlns="http://schemas.microsoft.com/developer/msbuild/2003">
  <ItemGroup>
    <Filter Include="Source Files">
      <UniqueIdentifier>{4FC737F1-C7A5-4376-A066-2A32D752A2FF}</UniqueIdentifier>
      <Extensions>cpp;c;cc;cxx;def;odl;idl;hpj;bat;asm;asmx</Extensions>
    </Filter>
    <Filter Include="Header Files">
      <UniqueIdentifier>{93995380-89BD-4b04-88EB-625FBE52EBFB}</UniqueIdentifier>
      <Extensions>h;hh;hpp;hxx;hm;inl;inc;ipp;xsd</Extensions>
    </Filter>
    <Filter Include="Resource Files">
      <UniqueIdentifier>{67DA6AB6-F800-4c08-8B7A-83BB121AAD01}</UniqueIdentifier>
      <Extensions>rc;ico;cur;bmp;dlg;rc2;rct;bin;rgs;gif;jpg;jpeg;jpe;resx;tiff;tif;png;wav;mfcribbon-ms</Extensions>
    </Filter>
    <Filter Include="Header Files\Structure">
      <UniqueIdentifier>{7e73549c-c9ee-44c1-8eaa-d9233dd3c9d6}</UniqueIdentifier>
    </Filter>
    <Filter Include="Header Files\TestUnit">
      <UniqueIdentifier>{94626129-e5d1-4e90-bd8c-3e79a0e2a324}</UniqueIdentifier>
    </Filter>
    <Filter Include="Header Files\Memory">
      <UniqueIdentifier>{dacf1e1b-1984-4d1c-b75f-c2049cc834bb}</UniqueIdentifier>
    </Filter>
    <Filter Include="Source Files\Memory">
      <UniqueIdentifier>{71554bd8-0c72-4666-b8e7-110dd83cee25}</UniqueIdentifier>
    </Filter>
    <Filter Include="Source Files\Structure">
      <UniqueIdentifier>{bc564e15-6c83-4097-9da2-7c8ed3694363}</UniqueIdentifier>
    </Filter>
  </ItemGroup>
  <ItemGroup>
    <ClCompile Include="main.cpp">
      <Filter>Source Files</Filter>
    </ClCompile>
    <ClCompile Include="VMRenderFramework.cpp">
      <Filter>Source Files</Filter>
    </ClCompile>
    <ClCompile Include="VirtualMemoryManager.cpp">
      <Filter>Source Files</Filter>
    </ClCompile>
    <ClCompile Include="BlockTable.cpp">
      <Filter>Source Files\Memory</Filter>
    </ClCompile>
    <ClCompile Include="PageTable.cpp">
      <Filter>Source Files\Memory</Filter>
    </ClCompile>
    <ClCompile Include="GPUBlockTable.cpp">
      <Filter>Source Files\Memory</Filter>
    </ClCompile>
    <ClCompile Include="GPUPageTable.cpp">
      <Filter>Source Files\Memory</Filter>
    </ClCompile>
    <ClCompile Include="PageDirectory.cpp">
      <Filter>Source Files\Memory</Filter>
    </ClCompile>
    <ClCompile Include="GPUPageDirectory.cpp">
      <Filter>Source Files\Memory</Filter>
    </ClCompile>
    <ClCompile Include="SharedTexture3D.cpp">
      <Filter>Source Files\Structure</Filter>
    </ClCompile>
  </ItemGroup>
  <ItemGroup>
    <ClInclude Include="AddressMap.hpp">
      <Filter>Header Files\Structure</Filter>
    </ClInclude>
    <ClInclude Include="LRUCache.hpp">
      <Filter>Header Files\Structure</Filter>
    </ClInclude>
    <ClInclude Include="CPUMemoryTestUnit.hpp">
      <Filter>Header Files\TestUnit</Filter>
    </ClInclude>
    <ClInclude Include="Helper.hpp">
      <Filter>Header Files</Filter>
    </ClInclude>
    <ClInclude Include="VMRenderFramework.hpp">
      <Filter>Header Files</Filter>
    </ClInclude>
    <ClInclude Include="SharedMacro.hpp">
      <Filter>Header Files</Filter>
    </ClInclude>
    <ClInclude Include="VirtualMemoryManager.hpp">
      <Filter>Header Files</Filter>
    </ClInclude>
    <ClInclude Include="BlockTable.hpp">
      <Filter>Header Files\Memory</Filter>
    </ClInclude>
    <ClInclude Include="PageTable.hpp">
      <Filter>Header Files\Memory</Filter>
    </ClInclude>
    <ClInclude Include="GPUBlockTable.hpp">
      <Filter>Header Files\Memory</Filter>
    </ClInclude>
    <ClInclude Include="GPUPageTable.hpp">
      <Filter>Header Files\Memory</Filter>
    </ClInclude>
    <ClInclude Include="PageDirectory.hpp">
      <Filter>Header Files\Memory</Filter>
    </ClInclude>
    <ClInclude Include="GPUPageDirectory.hpp">
      <Filter>Header Files\Memory</Filter>
    </ClInclude>
    <ClInclude Include="DataCache.hpp">
      <Filter>Header Files\Structure</Filter>
    </ClInclude>
    <ClInclude Include="SharedTexture3D.hpp">
      <Filter>Header Files\Structure</Filter>
    </ClInclude>
  </ItemGroup>
  <ItemGroup>
    <FxCompile Include="RayCastVertexShader.hlsl">
      <Filter>Resource Files</Filter>
    </FxCompile>
    <FxCompile Include="RayCastPixelShader.hlsl">
      <Filter>Resource Files</Filter>
    </FxCompile>
  </ItemGroup>
  <ItemGroup>
    <CopyFileToFolders Include="ShaderInclude.hlsl">
      <Filter>Resource Files</Filter>
    </CopyFileToFolders>
    <CopyFileToFolders Include="Teddybear.raw">
      <Filter>Resource Files</Filter>
    </CopyFileToFolders>
  </ItemGroup>
</Project>